
Microsoft Visual Studio Solution File, Format Version 12.00
# Visual Studio 14
VisualStudioVersion = 14.0.22512.0
MinimumVisualStudioVersion = 10.0.40219.1
Project("{FAE04EC0-301F-11D3-BF4B-00C04F79EFBC}") = "RollingBall", "RollingBall\RollingBall.csproj", "{13A45C13-3265-47B8-BC48-A553B569DF55}"
		{f195d1b9-3660-455d-b9a5-6eade6ffafb6} = {f195d1b9-3660-455d-b9a5-6eade6ffafb6}
		{cf76b431-cbaf-4d35-a6a3-52bc37e6cebb} = {cf76b431-cbaf-4d35-a6a3-52bc37e6cebb}
EndProject
Project("{FAE04EC0-301F-11D3-BF4B-00C04F79EFBC}") = "Assembly-CSharp", "D:\Projects\RollingBall\Unity\RollingBall\App\GeneratedProjects\UWP\Assembly-CSharp\Assembly-CSharp.csproj", "{f195d1b9-3660-455d-b9a5-6eade6ffafb6}"
EndProject
Project("{FAE04EC0-301F-11D3-BF4B-00C04F79EFBC}") = "Assembly-CSharp-firstpass", "D:\Projects\RollingBall\Unity\RollingBall\App\GeneratedProjects\UWP\Assembly-CSharp-firstpass\Assembly-CSharp-firstpass.csproj", "{cf76b431-cbaf-4d35-a6a3-52bc37e6cebb}"
EndProject
Global
	GlobalSection(SolutionConfigurationPlatforms) = preSolution
		Debug|ARM = Debug|ARM
		Debug|x64 = Debug|x64
		Debug|x86 = Debug|x86
		Master|ARM = Master|ARM
		Master|x64 = Master|x64
		Master|x86 = Master|x86
		Release|ARM = Release|ARM
		Release|x64 = Release|x64
		Release|x86 = Release|x86
	EndGlobalSection
	GlobalSection(ProjectConfigurationPlatforms) = postSolution
		{13A45C13-3265-47B8-BC48-A553B569DF55}.Debug|ARM.ActiveCfg = Debug|ARM
		{13A45C13-3265-47B8-BC48-A553B569DF55}.Debug|ARM.Build.0 = Debug|ARM
		{13A45C13-3265-47B8-BC48-A553B569DF55}.Debug|ARM.Deploy.0 = Debug|ARM
		{13A45C13-3265-47B8-BC48-A553B569DF55}.Debug|x64.ActiveCfg = Debug|x64
		{13A45C13-3265-47B8-BC48-A553B569DF55}.Debug|x64.Build.0 = Debug|x64
		{13A45C13-3265-47B8-BC48-A553B569DF55}.Debug|x64.Deploy.0 = Debug|x64
		{13A45C13-3265-47B8-BC48-A553B569DF55}.Debug|x86.ActiveCfg = Debug|x86
		{13A45C13-3265-47B8-BC48-A553B569DF55}.Debug|x86.Build.0 = Debug|x86
		{13A45C13-3265-47B8-BC48-A553B569DF55}.Debug|x86.Deploy.0 = Debug|x86
		{13A45C13-3265-47B8-BC48-A553B569DF55}.Master|ARM.ActiveCfg = Master|ARM
		{13A45C13-3265-47B8-BC48-A553B569DF55}.Master|ARM.Build.0 = Master|ARM
		{13A45C13-3265-47B8-BC48-A553B569DF55}.Master|ARM.Deploy.0 = Master|ARM
		{13A45C13-3265-47B8-BC48-A553B569DF55}.Master|x64.ActiveCfg = Master|x64
		{13A45C13-3265-47B8-BC48-A553B569DF55}.Master|x64.Build.0 = Master|x64
		{13A45C13-3265-47B8-BC48-A553B569DF55}.Master|x64.Deploy.0 = Master|x64
		{13A45C13-3265-47B8-BC48-A553B569DF55}.Master|x86.ActiveCfg = Master|x86
		{13A45C13-3265-47B8-BC48-A553B569DF55}.Master|x86.Build.0 = Master|x86
		{13A45C13-3265-47B8-BC48-A553B569DF55}.Master|x86.Deploy.0 = Master|x86
		{13A45C13-3265-47B8-BC48-A553B569DF55}.Release|ARM.ActiveCfg = Release|ARM
		{13A45C13-3265-47B8-BC48-A553B569DF55}.Release|ARM.Build.0 = Release|ARM
		{13A45C13-3265-47B8-BC48-A553B569DF55}.Release|ARM.Deploy.0 = Release|ARM
		{13A45C13-3265-47B8-BC48-A553B569DF55}.Release|x64.ActiveCfg = Release|x64
		{13A45C13-3265-47B8-BC48-A553B569DF55}.Release|x64.Build.0 = Release|x64
		{13A45C13-3265-47B8-BC48-A553B569DF55}.Release|x64.Deploy.0 = Release|x64
		{13A45C13-3265-47B8-BC48-A553B569DF55}.Release|x86.ActiveCfg = Release|x86
		{13A45C13-3265-47B8-BC48-A553B569DF55}.Release|x86.Build.0 = Release|x86
		{13A45C13-3265-47B8-BC48-A553B569DF55}.Release|x86.Deploy.0 = Release|x86
		{f195d1b9-3660-455d-b9a5-6eade6ffafb6}.Debug|x86.ActiveCfg = Debug|x86
		{f195d1b9-3660-455d-b9a5-6eade6ffafb6}.Debug|x86.Build.0 = Debug|x86
		{f195d1b9-3660-455d-b9a5-6eade6ffafb6}.Release|x86.ActiveCfg = Release|x86
		{f195d1b9-3660-455d-b9a5-6eade6ffafb6}.Release|x86.Build.0 = Release|x86
		{f195d1b9-3660-455d-b9a5-6eade6ffafb6}.Master|x86.ActiveCfg = Master|x86
		{f195d1b9-3660-455d-b9a5-6eade6ffafb6}.Master|x86.Build.0 = Master|x86
		{f195d1b9-3660-455d-b9a5-6eade6ffafb6}.Debug|x64.ActiveCfg = Debug|x64
		{f195d1b9-3660-455d-b9a5-6eade6ffafb6}.Debug|x64.Build.0 = Debug|x64
		{f195d1b9-3660-455d-b9a5-6eade6ffafb6}.Release|x64.ActiveCfg = Release|x64
		{f195d1b9-3660-455d-b9a5-6eade6ffafb6}.Release|x64.Build.0 = Release|x64
		{f195d1b9-3660-455d-b9a5-6eade6ffafb6}.Master|x64.ActiveCfg = Master|x64
		{f195d1b9-3660-455d-b9a5-6eade6ffafb6}.Master|x64.Build.0 = Master|x64
		{f195d1b9-3660-455d-b9a5-6eade6ffafb6}.Debug|ARM.ActiveCfg = Debug|ARM
		{f195d1b9-3660-455d-b9a5-6eade6ffafb6}.Debug|ARM.Build.0 = Debug|ARM
		{f195d1b9-3660-455d-b9a5-6eade6ffafb6}.Release|ARM.ActiveCfg = Release|ARM
		{f195d1b9-3660-455d-b9a5-6eade6ffafb6}.Release|ARM.Build.0 = Release|ARM
		{f195d1b9-3660-455d-b9a5-6eade6ffafb6}.Master|ARM.ActiveCfg = Master|ARM
		{f195d1b9-3660-455d-b9a5-6eade6ffafb6}.Master|ARM.Build.0 = Master|ARM
		{cf76b431-cbaf-4d35-a6a3-52bc37e6cebb}.Debug|x86.ActiveCfg = Debug|x86
		{cf76b431-cbaf-4d35-a6a3-52bc37e6cebb}.Debug|x86.Build.0 = Debug|x86
		{cf76b431-cbaf-4d35-a6a3-52bc37e6cebb}.Release|x86.ActiveCfg = Release|x86
		{cf76b431-cbaf-4d35-a6a3-52bc37e6cebb}.Release|x86.Build.0 = Release|x86
		{cf76b431-cbaf-4d35-a6a3-52bc37e6cebb}.Master|x86.ActiveCfg = Master|x86
		{cf76b431-cbaf-4d35-a6a3-52bc37e6cebb}.Master|x86.Build.0 = Master|x86
		{cf76b431-cbaf-4d35-a6a3-52bc37e6cebb}.Debug|ARM.ActiveCfg = Debug|ARM
		{cf76b431-cbaf-4d35-a6a3-52bc37e6cebb}.Debug|ARM.Build.0 = Debug|ARM
		{cf76b431-cbaf-4d35-a6a3-52bc37e6cebb}.Release|ARM.ActiveCfg = Release|ARM
		{cf76b431-cbaf-4d35-a6a3-52bc37e6cebb}.Release|ARM.Build.0 = Release|ARM
		{cf76b431-cbaf-4d35-a6a3-52bc37e6cebb}.Master|ARM.ActiveCfg = Master|ARM
		{cf76b431-cbaf-4d35-a6a3-52bc37e6cebb}.Master|ARM.Build.0 = Master|ARM
 EndGlobalSection
	GlobalSection(SolutionProperties) = preSolution
		HideSolutionNode = FALSE
	EndGlobalSection
EndGlobal
